PODS:
  - Capacitor (7.4.4):
    - CapacitorCordova
  - CapacitorCommunitySpeechRecognition (7.0.1):
    - Capacitor
  - CapacitorCommunityTextToSpeech (6.1.0):
    - Capacitor
  - CapacitorCordova (7.4.4)

DEPENDENCIES:
  - "Capacitor (from `../../node_modules/@capacitor/ios`)"
  - "CapacitorCommunitySpeechRecognition (from `../../node_modules/@capacitor-community/speech-recognition`)"
  - "CapacitorCommunityTextToSpeech (from `../../node_modules/@capacitor-community/text-to-speech`)"
  - "CapacitorCordova (from `../../node_modules/@capacitor/ios`)"

EXTERNAL SOURCES:
  Capacitor:
    :path: "../../node_modules/@capacitor/ios"
  CapacitorCommunitySpeechRecognition:
    :path: "../../node_modules/@capacitor-community/speech-recognition"
  CapacitorCommunityTextToSpeech:
    :path: "../../node_modules/@capacitor-community/text-to-speech"
  CapacitorCordova:
    :path: "../../node_modules/@capacitor/ios"

SPEC CHECKSUMS:
  Capacitor: 09d9ff8e9618e8c4b3cab2bbee34a17215dd2fef
  CapacitorCommunitySpeechRecognition: b133f6f6ba84316639fc2fd1760a6d7ab99fb23b
  CapacitorCommunityTextToSpeech: f024b1587fd68b74180c8b132d603b44be81cda3
  CapacitorCordova: bf648a636f3c153f652d312ae145fb508b6ffced

PODFILE CHECKSUM: 6b903f06cadd465b7f2383178907d1482fb10fe3

COCOAPODS: 1.16.2
